<?xml version="1.0" encoding="utf-8"?>
<Project ToolsVersion="4.0" xmlns="http://schemas.microsoft.com/developer/msbuild/2003">
  <ItemGroup>
    <Filter Include="Source Files">
      <UniqueIdentifier>{4FC737F1-C7A5-4376-A066-2A32D752A2FF}</UniqueIdentifier>
      <Extensions>cpp;c;cc;cxx;def;odl;idl;hpj;bat;asm;asmx</Extensions>
    </Filter>
    <Filter Include="Header Files">
      <UniqueIdentifier>{93995380-89BD-4b04-88EB-625FBE52EBFB}</UniqueIdentifier>
      <Extensions>h;hpp;hxx;hm;inl;inc;xsd</Extensions>
    </Filter>
    <Filter Include="Resource Files">
      <UniqueIdentifier>{67DA6AB6-F800-4c08-8B7A-83BB121AAD01}</UniqueIdentifier>
      <Extensions>rc;ico;cur;bmp;dlg;rc2;rct;bin;rgs;gif;jpg;jpeg;jpe;resx;tiff;tif;png;wav;mfcribbon-ms</Extensions>
    </Filter>
    <Filter Include="TCPDeliver">
      <UniqueIdentifier>{5d141a0f-f369-428e-8e98-553304d49917}</UniqueIdentifier>
    </Filter>
  </ItemGroup>
  <ItemGroup>
    <None Include="lib.def">
      <Filter>Source Files</Filter>
    </None>
  </ItemGroup>
  <ItemGroup>
    <ClInclude Include="stdafx.h">
      <Filter>Header Files</Filter>
    </ClInclude>
    <ClInclude Include="targetver.h">
      <Filter>Header Files</Filter>
    </ClInclude>
    <ClInclude Include="..\..\..\..\Dropbox\Projects\AVS_SplitProcess\AVS_SplitProcess\avisynth.h">
      <Filter>Header Files</Filter>
    </ClInclude>
    <ClInclude Include="..\..\..\..\Dropbox\Projects\AVS_SplitProcess\AVS_SplitProcess\avisynth_videoinfo_26.h">
      <Filter>Header Files</Filter>
    </ClInclude>
    <ClInclude Include="splitprocess.h">
      <Filter>Header Files</Filter>
    </ClInclude>
    <ClInclude Include="..\..\..\..\Dropbox\Projects\AVS_SplitProcess\AVS_SplitProcess\MP_Pipeline.def.h">
      <Filter>Header Files</Filter>
    </ClInclude>
    <ClInclude Include="MP_Pipeline.h">
      <Filter>Header Files</Filter>
    </ClInclude>
    <ClInclude Include="GenericVideoFilter2.h">
      <Filter>Header Files</Filter>
    </ClInclude>
    <ClInclude Include="slave_common.h">
      <Filter>Header Files</Filter>
    </ClInclude>
    <ClInclude Include="..\..\..\..\Dropbox\Projects\AVS_SplitProcess\AVS_SplitProcess\trace.h">
      <Filter>Header Files</Filter>
    </ClInclude>
    <ClInclude Include="statement.h">
      <Filter>Header Files</Filter>
    </ClInclude>
    <ClInclude Include="..\..\..\..\Dropbox\Projects\AVS_SplitProcess\AVS_SplitProcess\SelectThunkEvery.def.h">
      <Filter>Header Files</Filter>
    </ClInclude>
    <ClInclude Include="SelectThunkEvery.h">
      <Filter>Header Files</Filter>
    </ClInclude>
    <ClInclude Include="..\..\..\..\Dropbox\Projects\AVS_SplitProcess\AVS_SplitProcess\ThunkedInterleave.def.h">
      <Filter>Header Files</Filter>
    </ClInclude>
    <ClInclude Include="ThunkedInterleave.h">
      <Filter>Header Files</Filter>
    </ClInclude>
    <ClInclude Include="..\..\..\..\Dropbox\Projects\AVS_SplitProcess\AVS_SplitProcess\TCPDeliver\alignplanar.h">
      <Filter>TCPDeliver</Filter>
    </ClInclude>
    <ClInclude Include="..\..\..\..\Dropbox\Projects\AVS_SplitProcess\AVS_SplitProcess\TCPDeliver\TCPClient.h">
      <Filter>TCPDeliver</Filter>
    </ClInclude>
    <ClInclude Include="..\..\..\..\Dropbox\Projects\AVS_SplitProcess\AVS_SplitProcess\TCPDeliver\TCPCommon.h">
      <Filter>TCPDeliver</Filter>
    </ClInclude>
    <ClInclude Include="..\..\..\..\Dropbox\Projects\AVS_SplitProcess\AVS_SplitProcess\TCPDeliver\TCPCompression.h">
      <Filter>TCPDeliver</Filter>
    </ClInclude>
    <ClInclude Include="..\..\..\..\Dropbox\Projects\AVS_SplitProcess\AVS_SplitProcess\TCPDeliver\TCPServer.h">
      <Filter>TCPDeliver</Filter>
    </ClInclude>
    <ClInclude Include="..\..\..\..\Dropbox\Projects\AVS_SplitProcess\AVS_SplitProcess\TCPDeliver\TCPDeliver.h">
      <Filter>TCPDeliver</Filter>
    </ClInclude>
    <ClInclude Include="..\..\..\..\Dropbox\Projects\AVS_SplitProcess\AVS_SplitProcess\TCPDeliver\StdAfx.h">
      <Filter>TCPDeliver</Filter>
    </ClInclude>
  </ItemGroup>
  <ItemGroup>
    <ClCompile Include="stdafx.cpp">
      <Filter>Source Files</Filter>
    </ClCompile>
    <ClCompile Include="..\..\..\..\Dropbox\Projects\AVS_SplitProcess\AVS_SplitProcess\avisynth_videoinfo_26.cpp">
      <Filter>Source Files</Filter>
    </ClCompile>
    <ClCompile Include="MP_Pipeline.cpp">
      <Filter>Source Files</Filter>
    </ClCompile>
    <ClCompile Include="avisynth_init.cpp">
      <Filter>Source Files</Filter>
    </ClCompile>
    <ClCompile Include="..\..\..\..\Dropbox\Projects\AVS_SplitProcess\AVS_SplitProcess\trace.cpp">
      <Filter>Source Files</Filter>
    </ClCompile>
    <ClCompile Include="slave_common.cpp">
      <Filter>Source Files</Filter>
    </ClCompile>
    <ClCompile Include="statement.cpp">
      <Filter>Source Files</Filter>
    </ClCompile>
    <ClCompile Include="SelectThunkEvery.cpp">
      <Filter>Source Files</Filter>
    </ClCompile>
    <ClCompile Include="ThunkedInterleave.cpp">
      <Filter>Source Files</Filter>
    </ClCompile>
    <ClCompile Include="..\..\..\..\Dropbox\Projects\AVS_SplitProcess\AVS_SplitProcess\TCPDeliver\TCPClient.cpp">
      <Filter>TCPDeliver</Filter>
    </ClCompile>
    <ClCompile Include="..\..\..\..\Dropbox\Projects\AVS_SplitProcess\AVS_SplitProcess\TCPDeliver\TCPCommon.cpp">
      <Filter>TCPDeliver</Filter>
    </ClCompile>
    <ClCompile Include="..\..\..\..\Dropbox\Projects\AVS_SplitProcess\AVS_SplitProcess\TCPDeliver\TCPCompression.cpp">
      <Filter>TCPDeliver</Filter>
    </ClCompile>
    <ClCompile Include="..\..\..\..\Dropbox\Projects\AVS_SplitProcess\AVS_SplitProcess\TCPDeliver\TCPDeliver.cpp">
      <Filter>TCPDeliver</Filter>
    </ClCompile>
    <ClCompile Include="..\..\..\..\Dropbox\Projects\AVS_SplitProcess\AVS_SplitProcess\TCPDeliver\TCPServer.cpp">
      <Filter>TCPDeliver</Filter>
    </ClCompile>
  </ItemGroup>
</Project>